<?xml version="1.0" encoding="utf-8"?>
<Project ToolsVersion="4.0" xmlns="http://schemas.microsoft.com/developer/msbuild/2003">
  <ItemGroup>
    <Filter Include="Source">
      <UniqueIdentifier>{84f35326-46ce-4863-a399-cca0bae59551}</UniqueIdentifier>
    </Filter>
    <Filter Include="Headers">
      <UniqueIdentifier>{e893b55c-aa13-4121-80f0-be67d5baa21b}</UniqueIdentifier>
    </Filter>
  </ItemGroup>
  <ItemGroup>
    <ClInclude Include="Square.h">
      <Filter>Headers</Filter>
    </ClInclude>
    <ClInclude Include="shaders\Shader.h">
      <Filter>Headers</Filter>
    </ClInclude>
    <ClInclude Include="Circle.h">
      <Filter>Headers</Filter>
    </ClInclude>
    <ClInclude Include="Player.h">
      <Filter>Headers</Filter>
    </ClInclude>
    <ClInclude Include="BadBacteria.h">
      <Filter>Headers</Filter>
    </ClInclude>
    <ClInclude Include="ImageLoading.h">
      <Filter>Headers</Filter>
    </ClInclude>
  </ItemGroup>
  <ItemGroup>
    <ClCompile Include="example.cpp">
      <Filter>Source</Filter>
    </ClCompile>
    <ClCompile Include="Square.cpp">
      <Filter>Source</Filter>
    </ClCompile>
    <ClCompile Include="shaders\Shader.cpp">
      <Filter>Source</Filter>
    </ClCompile>
    <ClCompile Include="Circle.cpp">
      <Filter>Source</Filter>
    </ClCompile>
    <ClCompile Include="Player.cpp">
      <Filter>Source</Filter>
    </ClCompile>
    <ClCompile Include="BadBacteria.cpp">
      <Filter>Source</Filter>
    </ClCompile>
    <ClCompile Include="ImageLoading.cpp">
      <Filter>Source</Filter>
    </ClCompile>
  </ItemGroup>
</Project>